
Microsoft Visual Studio Solution File, Format Version 12.00
# Visual Studio Version 17
VisualStudioVersion = 17.7.34009.444
MinimumVisualStudioVersion = 10.0.40219.1
Project("{2150E333-8FDC-42A3-9474-1A3956D46DE8}") = "Algorithmns", "Algorithmns", "{C386E126-8666-4447-B75E-2256E563A1DA}"
EndProject
Project("{2150E333-8FDC-42A3-9474-1A3956D46DE8}") = "01_Easy", "01_Easy", "{9662C415-1979-476B-8B5D-EF158CC26A91}"
EndProject
Project("{2150E333-8FDC-42A3-9474-1A3956D46DE8}") = "02_Medium", "02_Medium", "{B6D795F9-DCD6-4A0E-A2A7-6DE36D63F083}"
EndProject
Project("{2150E333-8FDC-42A3-9474-1A3956D46DE8}") = "03_Hard", "03_Hard", "{F4059A22-A0B1-49BE-BBE6-4AE168EE27A7}"
EndProject
Project("{2150E333-8FDC-42A3-9474-1A3956D46DE8}") = "04_Very_Hard", "04_Very_Hard", "{C7C0D5AD-B829-479F-BB26-5D7C5458FF28}"
EndProject
Project("{2150E333-8FDC-42A3-9474-1A3956D46DE8}") = "Famous Algorithms", "Famous Algorithms", "{D5CCEB3D-5A7B-4C80-A670-3D9737ABDA7C}"
EndProject
Project("{2150E333-8FDC-42A3-9474-1A3956D46DE8}") = "DataStructures", "DataStructures", "{E047B6E0-EA10-457F-A029-8E0F126D5DD1}"
EndProject
Project("{9A19103F-16F7-4668-BE54-9A1E7A4F7556}") = "LinkedList", "DataStuctures\LinkedList\LinkedList.csproj", "{24F5D8C8-5E51-40AE-9D9D-293C4D5C745B}"
EndProject
Project("{9A19103F-16F7-4668-BE54-9A1E7A4F7556}") = "Easy_Algorithms", "Algorithms\Easy_Algorithms\Easy_Algorithms.csproj", "{607A12AE-23BF-44E0-A2B8-37BCAF473D65}"
EndProject
Project("{9A19103F-16F7-4668-BE54-9A1E7A4F7556}") = "Easy_Algorithms.Tests", "Algorithms\Easy_Algorithms.Tests\Easy_Algorithms.Tests.csproj", "{0DEBEE20-22FC-407F-A659-CAF621B8A845}"
EndProject
Project("{9A19103F-16F7-4668-BE54-9A1E7A4F7556}") = "AStarAlgorithm", "Algorithms\FamousAlgorithms\AStarAlgorithm\AStarAlgorithm.csproj", "{983AB1DA-8F24-498E-BA59-025D993BA512}"
EndProject
Project("{9A19103F-16F7-4668-BE54-9A1E7A4F7556}") = "AStarAlgorithm.Tests", "Algorithms\FamousAlgorithms\AStarAlgorithm.Tests\AStarAlgorithm.Tests.csproj", "{0DA923FD-2432-4EBA-8489-C036D68FB05D}"
EndProject
Project("{9A19103F-16F7-4668-BE54-9A1E7A4F7556}") = "DijkstrasAlgorithmn", "Algorithms\FamousAlgorithms\DijkstrasAlgorithmn\DijkstrasAlgorithmn.csproj", "{BB4D864A-0EEA-4179-8C04-2A409F9888EB}"
EndProject
Project("{9A19103F-16F7-4668-BE54-9A1E7A4F7556}") = "DijkstrasAlgorithmn.Tests", "Algorithms\FamousAlgorithms\DijkstrasAlgorithmn.Tests\DijkstrasAlgorithmn.Tests.csproj", "{4044BAD4-D394-459D-83D5-D8CC5F9855F5}"
EndProject
Project("{9A19103F-16F7-4668-BE54-9A1E7A4F7556}") = "KadanesAlgorithm", "Algorithms\FamousAlgorithms\KadanesAlgorithm\KadanesAlgorithm.csproj", "{C5CBF5BD-2189-4054-8B4C-EEA6BC4502A8}"
EndProject
Project("{9A19103F-16F7-4668-BE54-9A1E7A4F7556}") = "KadanesAlgorithm.Tests", "Algorithms\FamousAlgorithms\KadanesAlgorithm.Tests\KadanesAlgorithm.Tests.csproj", "{934FB562-E16A-4225-BB13-6708A9137364}"
EndProject
Project("{9A19103F-16F7-4668-BE54-9A1E7A4F7556}") = "Knuth–Morris–Pratt", "Algorithms\FamousAlgorithms\Knuth–Morris–Pratt\Knuth–Morris–Pratt.csproj", "{7E71F0AA-0BF1-47FB-82A2-162885C6D428}"
EndProject
Project("{9A19103F-16F7-4668-BE54-9A1E7A4F7556}") = "Knuth–Morris–Pratt.Tests", "Algorithms\FamousAlgorithms\Knuth–Morris–Pratt.Tests\Knuth–Morris–Pratt.Tests.csproj", "{C3C9D3E6-CBD7-488B-936F-AE6F6B36BEC3}"
EndProject
Project("{9A19103F-16F7-4668-BE54-9A1E7A4F7556}") = "KruskalsAlgorithm", "Algorithms\FamousAlgorithms\KruskalsAlgorithm\KruskalsAlgorithm.csproj", "{6053CF41-ED7F-4C7B-BBDA-3822D6DD03EE}"
EndProject
Project("{9A19103F-16F7-4668-BE54-9A1E7A4F7556}") = "KruskalsAlgorithm.Tests", "Algorithms\FamousAlgorithms\KruskalsAlgorithm.Tests\KruskalsAlgorithm.Tests.csproj", "{8DE4F7CF-A22E-4810-ADCC-04D73A783A7C}"
EndProject
Project("{9A19103F-16F7-4668-BE54-9A1E7A4F7556}") = "StableInternships", "Algorithms\FamousAlgorithms\StableInternships\StableInternships.csproj", "{63B30ADF-3A16-4060-BA93-5A80853F1330}"
EndProject
Project("{9A19103F-16F7-4668-BE54-9A1E7A4F7556}") = "StableInternships.Tests", "Algorithms\FamousAlgorithms\StableInternships.Tests\StableInternships.Tests.csproj", "{E0CFFE8B-E2E9-4E32-87D1-016B1C29636E}"
EndProject
Project("{9A19103F-16F7-4668-BE54-9A1E7A4F7556}") = "TopologicalSort", "Algorithms\FamousAlgorithms\TopologicalSort\TopologicalSort.csproj", "{BB31A457-A130-47E6-86E9-08C95773A5F1}"
EndProject
Project("{9A19103F-16F7-4668-BE54-9A1E7A4F7556}") = "TopologicalSort.Tests", "Algorithms\FamousAlgorithms\TopologicalSort.Tests\TopologicalSort.Tests.csproj", "{A1A9F596-76F9-427F-94DE-A8D2B19847E1}"
EndProject
Project("{9A19103F-16F7-4668-BE54-9A1E7A4F7556}") = "UnionFind", "Algorithms\FamousAlgorithms\UnionFind\UnionFind.csproj", "{359A92AA-BAB8-409B-BB17-802CB98A5BB0}"
EndProject
Project("{9A19103F-16F7-4668-BE54-9A1E7A4F7556}") = "UnionFind.Tests", "Algorithms\FamousAlgorithms\UnionFind.Tests\UnionFind.Tests.csproj", "{E9B377DA-68F5-4D14-81A0-0730E1D46F94}"
EndProject
Project("{FAE04EC0-301F-11D3-BF4B-00C04F79EFBC}") = "Medium_Algorithms", "Algorithms\Medium_Algorithms\Medium_Algorithms.csproj", "{145C1215-9B40-4568-A0FA-3742BE12574E}"
EndProject
Project("{FAE04EC0-301F-11D3-BF4B-00C04F79EFBC}") = "Medium_Algorithms.Tests", "Algorithms\Medium_Algorithms.Tests\Medium_Algorithms.Tests.csproj", "{2BC2240B-D0B5-4D9B-85CD-E94F37C32612}"
EndProject
Global
	GlobalSection(SolutionConfigurationPlatforms) = preSolution
		Debug|Any CPU = Debug|Any CPU
		Release|Any CPU = Release|Any CPU
	EndGlobalSection
	GlobalSection(ProjectConfigurationPlatforms) = postSolution
		{24F5D8C8-5E51-40AE-9D9D-293C4D5C745B}.Debug|Any CPU.ActiveCfg = Debug|Any CPU
		{24F5D8C8-5E51-40AE-9D9D-293C4D5C745B}.Debug|Any CPU.Build.0 = Debug|Any CPU
		{24F5D8C8-5E51-40AE-9D9D-293C4D5C745B}.Release|Any CPU.ActiveCfg = Release|Any CPU
		{24F5D8C8-5E51-40AE-9D9D-293C4D5C745B}.Release|Any CPU.Build.0 = Release|Any CPU
		{607A12AE-23BF-44E0-A2B8-37BCAF473D65}.Debug|Any CPU.ActiveCfg = Debug|Any CPU
		{607A12AE-23BF-44E0-A2B8-37BCAF473D65}.Debug|Any CPU.Build.0 = Debug|Any CPU
		{607A12AE-23BF-44E0-A2B8-37BCAF473D65}.Release|Any CPU.ActiveCfg = Release|Any CPU
		{607A12AE-23BF-44E0-A2B8-37BCAF473D65}.Release|Any CPU.Build.0 = Release|Any CPU
		{0DEBEE20-22FC-407F-A659-CAF621B8A845}.Debug|Any CPU.ActiveCfg = Debug|Any CPU
		{0DEBEE20-22FC-407F-A659-CAF621B8A845}.Debug|Any CPU.Build.0 = Debug|Any CPU
		{0DEBEE20-22FC-407F-A659-CAF621B8A845}.Release|Any CPU.ActiveCfg = Release|Any CPU
		{0DEBEE20-22FC-407F-A659-CAF621B8A845}.Release|Any CPU.Build.0 = Release|Any CPU
		{983AB1DA-8F24-498E-BA59-025D993BA512}.Debug|Any CPU.ActiveCfg = Debug|Any CPU
		{983AB1DA-8F24-498E-BA59-025D993BA512}.Debug|Any CPU.Build.0 = Debug|Any CPU
		{983AB1DA-8F24-498E-BA59-025D993BA512}.Release|Any CPU.ActiveCfg = Release|Any CPU
		{983AB1DA-8F24-498E-BA59-025D993BA512}.Release|Any CPU.Build.0 = Release|Any CPU
		{0DA923FD-2432-4EBA-8489-C036D68FB05D}.Debug|Any CPU.ActiveCfg = Debug|Any CPU
		{0DA923FD-2432-4EBA-8489-C036D68FB05D}.Debug|Any CPU.Build.0 = Debug|Any CPU
		{0DA923FD-2432-4EBA-8489-C036D68FB05D}.Release|Any CPU.ActiveCfg = Release|Any CPU
		{0DA923FD-2432-4EBA-8489-C036D68FB05D}.Release|Any CPU.Build.0 = Release|Any CPU
		{BB4D864A-0EEA-4179-8C04-2A409F9888EB}.Debug|Any CPU.ActiveCfg = Debug|Any CPU
		{BB4D864A-0EEA-4179-8C04-2A409F9888EB}.Debug|Any CPU.Build.0 = Debug|Any CPU
		{BB4D864A-0EEA-4179-8C04-2A409F9888EB}.Release|Any CPU.ActiveCfg = Release|Any CPU
		{BB4D864A-0EEA-4179-8C04-2A409F9888EB}.Release|Any CPU.Build.0 = Release|Any CPU
		{4044BAD4-D394-459D-83D5-D8CC5F9855F5}.Debug|Any CPU.ActiveCfg = Debug|Any CPU
		{4044BAD4-D394-459D-83D5-D8CC5F9855F5}.Debug|Any CPU.Build.0 = Debug|Any CPU
		{4044BAD4-D394-459D-83D5-D8CC5F9855F5}.Release|Any CPU.ActiveCfg = Release|Any CPU
		{4044BAD4-D394-459D-83D5-D8CC5F9855F5}.Release|Any CPU.Build.0 = Release|Any CPU
		{C5CBF5BD-2189-4054-8B4C-EEA6BC4502A8}.Debug|Any CPU.ActiveCfg = Debug|Any CPU
		{C5CBF5BD-2189-4054-8B4C-EEA6BC4502A8}.Debug|Any CPU.Build.0 = Debug|Any CPU
		{C5CBF5BD-2189-4054-8B4C-EEA6BC4502A8}.Release|Any CPU.ActiveCfg = Release|Any CPU
		{C5CBF5BD-2189-4054-8B4C-EEA6BC4502A8}.Release|Any CPU.Build.0 = Release|Any CPU
		{934FB562-E16A-4225-BB13-6708A9137364}.Debug|Any CPU.ActiveCfg = Debug|Any CPU
		{934FB562-E16A-4225-BB13-6708A9137364}.Debug|Any CPU.Build.0 = Debug|Any CPU
		{934FB562-E16A-4225-BB13-6708A9137364}.Release|Any CPU.ActiveCfg = Release|Any CPU
		{934FB562-E16A-4225-BB13-6708A9137364}.Release|Any CPU.Build.0 = Release|Any CPU
		{7E71F0AA-0BF1-47FB-82A2-162885C6D428}.Debug|Any CPU.ActiveCfg = Debug|Any CPU
		{7E71F0AA-0BF1-47FB-82A2-162885C6D428}.Debug|Any CPU.Build.0 = Debug|Any CPU
		{7E71F0AA-0BF1-47FB-82A2-162885C6D428}.Release|Any CPU.ActiveCfg = Release|Any CPU
		{7E71F0AA-0BF1-47FB-82A2-162885C6D428}.Release|Any CPU.Build.0 = Release|Any CPU
		{C3C9D3E6-CBD7-488B-936F-AE6F6B36BEC3}.Debug|Any CPU.ActiveCfg = Debug|Any CPU
		{C3C9D3E6-CBD7-488B-936F-AE6F6B36BEC3}.Debug|Any CPU.Build.0 = Debug|Any CPU
		{C3C9D3E6-CBD7-488B-936F-AE6F6B36BEC3}.Release|Any CPU.ActiveCfg = Release|Any CPU
		{C3C9D3E6-CBD7-488B-936F-AE6F6B36BEC3}.Release|Any CPU.Build.0 = Release|Any CPU
		{6053CF41-ED7F-4C7B-BBDA-3822D6DD03EE}.Debug|Any CPU.ActiveCfg = Debug|Any CPU
		{6053CF41-ED7F-4C7B-BBDA-3822D6DD03EE}.Debug|Any CPU.Build.0 = Debug|Any CPU
		{6053CF41-ED7F-4C7B-BBDA-3822D6DD03EE}.Release|Any CPU.ActiveCfg = Release|Any CPU
		{6053CF41-ED7F-4C7B-BBDA-3822D6DD03EE}.Release|Any CPU.Build.0 = Release|Any CPU
		{8DE4F7CF-A22E-4810-ADCC-04D73A783A7C}.Debug|Any CPU.ActiveCfg = Debug|Any CPU
		{8DE4F7CF-A22E-4810-ADCC-04D73A783A7C}.Debug|Any CPU.Build.0 = Debug|Any CPU
		{8DE4F7CF-A22E-4810-ADCC-04D73A783A7C}.Release|Any CPU.ActiveCfg = Release|Any CPU
		{8DE4F7CF-A22E-4810-ADCC-04D73A783A7C}.Release|Any CPU.Build.0 = Release|Any CPU
		{63B30ADF-3A16-4060-BA93-5A80853F1330}.Debug|Any CPU.ActiveCfg = Debug|Any CPU
		{63B30ADF-3A16-4060-BA93-5A80853F1330}.Debug|Any CPU.Build.0 = Debug|Any CPU
		{63B30ADF-3A16-4060-BA93-5A80853F1330}.Release|Any CPU.ActiveCfg = Release|Any CPU
		{63B30ADF-3A16-4060-BA93-5A80853F1330}.Release|Any CPU.Build.0 = Release|Any CPU
		{E0CFFE8B-E2E9-4E32-87D1-016B1C29636E}.Debug|Any CPU.ActiveCfg = Debug|Any CPU
		{E0CFFE8B-E2E9-4E32-87D1-016B1C29636E}.Debug|Any CPU.Build.0 = Debug|Any CPU
		{E0CFFE8B-E2E9-4E32-87D1-016B1C29636E}.Release|Any CPU.ActiveCfg = Release|Any CPU
		{E0CFFE8B-E2E9-4E32-87D1-016B1C29636E}.Release|Any CPU.Build.0 = Release|Any CPU
		{BB31A457-A130-47E6-86E9-08C95773A5F1}.Debug|Any CPU.ActiveCfg = Debug|Any CPU
		{BB31A457-A130-47E6-86E9-08C95773A5F1}.Debug|Any CPU.Build.0 = Debug|Any CPU
		{BB31A457-A130-47E6-86E9-08C95773A5F1}.Release|Any CPU.ActiveCfg = Release|Any CPU
		{BB31A457-A130-47E6-86E9-08C95773A5F1}.Release|Any CPU.Build.0 = Release|Any CPU
		{A1A9F596-76F9-427F-94DE-A8D2B19847E1}.Debug|Any CPU.ActiveCfg = Debug|Any CPU
		{A1A9F596-76F9-427F-94DE-A8D2B19847E1}.Debug|Any CPU.Build.0 = Debug|Any CPU
		{A1A9F596-76F9-427F-94DE-A8D2B19847E1}.Release|Any CPU.ActiveCfg = Release|Any CPU
		{A1A9F596-76F9-427F-94DE-A8D2B19847E1}.Release|Any CPU.Build.0 = Release|Any CPU
		{359A92AA-BAB8-409B-BB17-802CB98A5BB0}.Debug|Any CPU.ActiveCfg = Debug|Any CPU
		{359A92AA-BAB8-409B-BB17-802CB98A5BB0}.Debug|Any CPU.Build.0 = Debug|Any CPU
		{359A92AA-BAB8-409B-BB17-802CB98A5BB0}.Release|Any CPU.ActiveCfg = Release|Any CPU
		{359A92AA-BAB8-409B-BB17-802CB98A5BB0}.Release|Any CPU.Build.0 = Release|Any CPU
		{E9B377DA-68F5-4D14-81A0-0730E1D46F94}.Debug|Any CPU.ActiveCfg = Debug|Any CPU
		{E9B377DA-68F5-4D14-81A0-0730E1D46F94}.Debug|Any CPU.Build.0 = Debug|Any CPU
		{E9B377DA-68F5-4D14-81A0-0730E1D46F94}.Release|Any CPU.ActiveCfg = Release|Any CPU
		{E9B377DA-68F5-4D14-81A0-0730E1D46F94}.Release|Any CPU.Build.0 = Release|Any CPU
		{145C1215-9B40-4568-A0FA-3742BE12574E}.Debug|Any CPU.ActiveCfg = Debug|Any CPU
		{145C1215-9B40-4568-A0FA-3742BE12574E}.Debug|Any CPU.Build.0 = Debug|Any CPU
		{145C1215-9B40-4568-A0FA-3742BE12574E}.Release|Any CPU.ActiveCfg = Release|Any CPU
		{145C1215-9B40-4568-A0FA-3742BE12574E}.Release|Any CPU.Build.0 = Release|Any CPU
		{2BC2240B-D0B5-4D9B-85CD-E94F37C32612}.Debug|Any CPU.ActiveCfg = Debug|Any CPU
		{2BC2240B-D0B5-4D9B-85CD-E94F37C32612}.Debug|Any CPU.Build.0 = Debug|Any CPU
		{2BC2240B-D0B5-4D9B-85CD-E94F37C32612}.Release|Any CPU.ActiveCfg = Release|Any CPU
		{2BC2240B-D0B5-4D9B-85CD-E94F37C32612}.Release|Any CPU.Build.0 = Release|Any CPU
	EndGlobalSection
	GlobalSection(SolutionProperties) = preSolution
		HideSolutionNode = FALSE
	EndGlobalSection
	GlobalSection(NestedProjects) = preSolution
		{9662C415-1979-476B-8B5D-EF158CC26A91} = {C386E126-8666-4447-B75E-2256E563A1DA}
		{B6D795F9-DCD6-4A0E-A2A7-6DE36D63F083} = {C386E126-8666-4447-B75E-2256E563A1DA}
		{F4059A22-A0B1-49BE-BBE6-4AE168EE27A7} = {C386E126-8666-4447-B75E-2256E563A1DA}
		{C7C0D5AD-B829-479F-BB26-5D7C5458FF28} = {C386E126-8666-4447-B75E-2256E563A1DA}
		{D5CCEB3D-5A7B-4C80-A670-3D9737ABDA7C} = {C386E126-8666-4447-B75E-2256E563A1DA}
		{24F5D8C8-5E51-40AE-9D9D-293C4D5C745B} = {E047B6E0-EA10-457F-A029-8E0F126D5DD1}
		{607A12AE-23BF-44E0-A2B8-37BCAF473D65} = {9662C415-1979-476B-8B5D-EF158CC26A91}
		{0DEBEE20-22FC-407F-A659-CAF621B8A845} = {9662C415-1979-476B-8B5D-EF158CC26A91}
		{983AB1DA-8F24-498E-BA59-025D993BA512} = {D5CCEB3D-5A7B-4C80-A670-3D9737ABDA7C}
		{0DA923FD-2432-4EBA-8489-C036D68FB05D} = {D5CCEB3D-5A7B-4C80-A670-3D9737ABDA7C}
		{BB4D864A-0EEA-4179-8C04-2A409F9888EB} = {D5CCEB3D-5A7B-4C80-A670-3D9737ABDA7C}
		{4044BAD4-D394-459D-83D5-D8CC5F9855F5} = {D5CCEB3D-5A7B-4C80-A670-3D9737ABDA7C}
		{C5CBF5BD-2189-4054-8B4C-EEA6BC4502A8} = {D5CCEB3D-5A7B-4C80-A670-3D9737ABDA7C}
		{934FB562-E16A-4225-BB13-6708A9137364} = {D5CCEB3D-5A7B-4C80-A670-3D9737ABDA7C}
		{7E71F0AA-0BF1-47FB-82A2-162885C6D428} = {D5CCEB3D-5A7B-4C80-A670-3D9737ABDA7C}
		{C3C9D3E6-CBD7-488B-936F-AE6F6B36BEC3} = {D5CCEB3D-5A7B-4C80-A670-3D9737ABDA7C}
		{6053CF41-ED7F-4C7B-BBDA-3822D6DD03EE} = {D5CCEB3D-5A7B-4C80-A670-3D9737ABDA7C}
		{8DE4F7CF-A22E-4810-ADCC-04D73A783A7C} = {D5CCEB3D-5A7B-4C80-A670-3D9737ABDA7C}
		{63B30ADF-3A16-4060-BA93-5A80853F1330} = {D5CCEB3D-5A7B-4C80-A670-3D9737ABDA7C}
		{E0CFFE8B-E2E9-4E32-87D1-016B1C29636E} = {D5CCEB3D-5A7B-4C80-A670-3D9737ABDA7C}
		{BB31A457-A130-47E6-86E9-08C95773A5F1} = {D5CCEB3D-5A7B-4C80-A670-3D9737ABDA7C}
		{A1A9F596-76F9-427F-94DE-A8D2B19847E1} = {D5CCEB3D-5A7B-4C80-A670-3D9737ABDA7C}
		{359A92AA-BAB8-409B-BB17-802CB98A5BB0} = {D5CCEB3D-5A7B-4C80-A670-3D9737ABDA7C}
		{E9B377DA-68F5-4D14-81A0-0730E1D46F94} = {D5CCEB3D-5A7B-4C80-A670-3D9737ABDA7C}
		{145C1215-9B40-4568-A0FA-3742BE12574E} = {B6D795F9-DCD6-4A0E-A2A7-6DE36D63F083}
		{2BC2240B-D0B5-4D9B-85CD-E94F37C32612} = {B6D795F9-DCD6-4A0E-A2A7-6DE36D63F083}
	EndGlobalSection
	GlobalSection(ExtensibilityGlobals) = postSolution
		SolutionGuid = {B236DD2A-F3D2-471E-805D-C9952324EAEA}
	EndGlobalSection
EndGlobal
