
Microsoft Visual Studio Solution File, Format Version 12.00
# Visual Studio Version 17
VisualStudioVersion = 17.7.34009.444
MinimumVisualStudioVersion = 10.0.40219.1
Project("{2150E333-8FDC-42A3-9474-1A3956D46DE8}") = "Data Structures", "Data Structures", "{13BFE4C6-17E7-4EAD-AE13-ECDF28B438ED}"
EndProject
Project("{2150E333-8FDC-42A3-9474-1A3956D46DE8}") = "Algorithmns", "Algorithmns", "{C386E126-8666-4447-B75E-2256E563A1DA}"
EndProject
Project("{2150E333-8FDC-42A3-9474-1A3956D46DE8}") = "Searching Algorithmns", "Searching Algorithmns", "{FA8DBB87-3A15-48D6-967F-8563D952F4F5}"
EndProject
Project("{9A19103F-16F7-4668-BE54-9A1E7A4F7556}") = "SearchingAlgorithmns", "SearchingAlgorithmns\SearchingAlgorithmns.csproj", "{578CC528-EF82-4D6F-B995-CB0B56E93D28}"
EndProject
Project("{9A19103F-16F7-4668-BE54-9A1E7A4F7556}") = "SearchingAlgorithmns.Tests", "SearchingAlgorithmns.Tests\SearchingAlgorithmns.Tests.csproj", "{73A661EF-DBC9-49C7-B316-481CCF3535E7}"
EndProject
Project("{9A19103F-16F7-4668-BE54-9A1E7A4F7556}") = "BinarySeachIteratively", "BinarySeachIteratively\BinarySeachIteratively.csproj", "{866B380F-B0DA-4B1C-B00A-58E98ABD06FD}"
EndProject
Project("{9A19103F-16F7-4668-BE54-9A1E7A4F7556}") = "BinarySeachIteratively.Tests", "BinarySeachIteratively.Tests\BinarySeachIteratively.Tests.csproj", "{BF4716BA-34DE-4518-AAEE-A7385C18EB1A}"
EndProject
Project("{2150E333-8FDC-42A3-9474-1A3956D46DE8}") = "Sorting Algorithms", "Sorting Algorithms", "{67380DE1-C1C1-4E53-A0B2-A02EA07A2603}"
EndProject
Project("{9A19103F-16F7-4668-BE54-9A1E7A4F7556}") = "SelectionSort", "SelectionSort\SelectionSort.csproj", "{1ADF4B41-1959-4B45-A1B4-8B34F91CEBB0}"
EndProject
Project("{9A19103F-16F7-4668-BE54-9A1E7A4F7556}") = "SelectionSort.Tests", "SelectionSort.Tests\SelectionSort.Tests.csproj", "{DC9E8CB2-9A8E-43E7-A707-C9C601A7997C}"
EndProject
Project("{9A19103F-16F7-4668-BE54-9A1E7A4F7556}") = "InsertionSort", "InsertionSort\InsertionSort.csproj", "{CA808E40-D4DC-44CA-B759-97976318FD3D}"
EndProject
Project("{9A19103F-16F7-4668-BE54-9A1E7A4F7556}") = "InsertionSort.Tests", "InsertionSort.Tests\InsertionSort.Tests.csproj", "{DF2E8AAD-8D80-4270-8D35-24142AA26589}"
EndProject
Project("{9A19103F-16F7-4668-BE54-9A1E7A4F7556}") = "BubbleSort", "BubbleSort\BubbleSort.csproj", "{6813EEDA-2BD8-41B1-8275-AB2A463B5697}"
EndProject
Project("{9A19103F-16F7-4668-BE54-9A1E7A4F7556}") = "BubbleSort.Tests", "BubbleSort.Tests\BubbleSort.Tests.csproj", "{567617B6-E9AA-4DBB-AA3F-82892E124130}"
EndProject
Project("{9A19103F-16F7-4668-BE54-9A1E7A4F7556}") = "ShellSort", "ShellSort\ShellSort.csproj", "{19C9D6CE-27EC-4FB6-A05A-2F7B0B559B8F}"
EndProject
Project("{9A19103F-16F7-4668-BE54-9A1E7A4F7556}") = "ShellSort.Tests", "ShellSort.Tests\ShellSort.Tests.csproj", "{5FAA42C6-7DA0-4A8C-8B88-EDF92465F1B5}"
EndProject
Project("{9A19103F-16F7-4668-BE54-9A1E7A4F7556}") = "MergeSort", "MergeSort\MergeSort.csproj", "{4C2DDB64-03D5-4299-BEB4-95A84E9B6086}"
EndProject
Project("{9A19103F-16F7-4668-BE54-9A1E7A4F7556}") = "MergeSort.Tests", "MergeSort.Tests\MergeSort.Tests.csproj", "{B38D2BF6-8438-44C9-B391-D46838FFFA99}"
EndProject
Project("{9A19103F-16F7-4668-BE54-9A1E7A4F7556}") = "QuickSort", "QuickSort\QuickSort.csproj", "{0498A4F1-F892-4CF1-887C-19FA48375DD5}"
EndProject
Project("{9A19103F-16F7-4668-BE54-9A1E7A4F7556}") = "QuickSort.Tests", "QuickSort.Tests\QuickSort.Tests.csproj", "{0AB48656-9701-4127-A50D-04AE15842357}"
EndProject
Project("{9A19103F-16F7-4668-BE54-9A1E7A4F7556}") = "LinkedList", "LinkedList\LinkedList.csproj", "{AE6B1AF7-3C66-4980-9E17-5DD8DB56216D}"
EndProject
Project("{2150E333-8FDC-42A3-9474-1A3956D46DE8}") = "LinkedLists", "LinkedLists", "{9FEC90FC-FDF2-4765-99ED-5F756C106D79}"
EndProject
Project("{9A19103F-16F7-4668-BE54-9A1E7A4F7556}") = "LinkedList.Tests", "LinkedList.Tests\LinkedList.Tests.csproj", "{60B34FFF-D9B1-40DC-89B9-16964029E2D3}"
EndProject
Project("{2150E333-8FDC-42A3-9474-1A3956D46DE8}") = "01_Easy", "01_Easy", "{9662C415-1979-476B-8B5D-EF158CC26A91}"
EndProject
Project("{2150E333-8FDC-42A3-9474-1A3956D46DE8}") = "02_Medium", "02_Medium", "{B6D795F9-DCD6-4A0E-A2A7-6DE36D63F083}"
EndProject
Project("{2150E333-8FDC-42A3-9474-1A3956D46DE8}") = "03_Hard", "03_Hard", "{F4059A22-A0B1-49BE-BBE6-4AE168EE27A7}"
EndProject
Project("{2150E333-8FDC-42A3-9474-1A3956D46DE8}") = "04_Very_Hard", "04_Very_Hard", "{C7C0D5AD-B829-479F-BB26-5D7C5458FF28}"
EndProject
Project("{FAE04EC0-301F-11D3-BF4B-00C04F79EFBC}") = "Easy_Algorithms", "Easy_Algorithms\Easy_Algorithms.csproj", "{EB1E9FE1-5068-439F-A70E-22364E6488A0}"
EndProject
Project("{FAE04EC0-301F-11D3-BF4B-00C04F79EFBC}") = "Easy_Algorithms.Tests", "Easy_Algorithms.Tests\Easy_Algorithms.Tests.csproj", "{BF19C89A-0FC6-433A-92E7-05A2F7FDCD5C}"
EndProject
Global
	GlobalSection(SolutionConfigurationPlatforms) = preSolution
		Debug|Any CPU = Debug|Any CPU
		Release|Any CPU = Release|Any CPU
	EndGlobalSection
	GlobalSection(ProjectConfigurationPlatforms) = postSolution
		{578CC528-EF82-4D6F-B995-CB0B56E93D28}.Debug|Any CPU.ActiveCfg = Debug|Any CPU
		{578CC528-EF82-4D6F-B995-CB0B56E93D28}.Debug|Any CPU.Build.0 = Debug|Any CPU
		{578CC528-EF82-4D6F-B995-CB0B56E93D28}.Release|Any CPU.ActiveCfg = Release|Any CPU
		{578CC528-EF82-4D6F-B995-CB0B56E93D28}.Release|Any CPU.Build.0 = Release|Any CPU
		{73A661EF-DBC9-49C7-B316-481CCF3535E7}.Debug|Any CPU.ActiveCfg = Debug|Any CPU
		{73A661EF-DBC9-49C7-B316-481CCF3535E7}.Debug|Any CPU.Build.0 = Debug|Any CPU
		{73A661EF-DBC9-49C7-B316-481CCF3535E7}.Release|Any CPU.ActiveCfg = Release|Any CPU
		{73A661EF-DBC9-49C7-B316-481CCF3535E7}.Release|Any CPU.Build.0 = Release|Any CPU
		{866B380F-B0DA-4B1C-B00A-58E98ABD06FD}.Debug|Any CPU.ActiveCfg = Debug|Any CPU
		{866B380F-B0DA-4B1C-B00A-58E98ABD06FD}.Debug|Any CPU.Build.0 = Debug|Any CPU
		{866B380F-B0DA-4B1C-B00A-58E98ABD06FD}.Release|Any CPU.ActiveCfg = Release|Any CPU
		{866B380F-B0DA-4B1C-B00A-58E98ABD06FD}.Release|Any CPU.Build.0 = Release|Any CPU
		{BF4716BA-34DE-4518-AAEE-A7385C18EB1A}.Debug|Any CPU.ActiveCfg = Debug|Any CPU
		{BF4716BA-34DE-4518-AAEE-A7385C18EB1A}.Debug|Any CPU.Build.0 = Debug|Any CPU
		{BF4716BA-34DE-4518-AAEE-A7385C18EB1A}.Release|Any CPU.ActiveCfg = Release|Any CPU
		{BF4716BA-34DE-4518-AAEE-A7385C18EB1A}.Release|Any CPU.Build.0 = Release|Any CPU
		{1ADF4B41-1959-4B45-A1B4-8B34F91CEBB0}.Debug|Any CPU.ActiveCfg = Debug|Any CPU
		{1ADF4B41-1959-4B45-A1B4-8B34F91CEBB0}.Debug|Any CPU.Build.0 = Debug|Any CPU
		{1ADF4B41-1959-4B45-A1B4-8B34F91CEBB0}.Release|Any CPU.ActiveCfg = Release|Any CPU
		{1ADF4B41-1959-4B45-A1B4-8B34F91CEBB0}.Release|Any CPU.Build.0 = Release|Any CPU
		{DC9E8CB2-9A8E-43E7-A707-C9C601A7997C}.Debug|Any CPU.ActiveCfg = Debug|Any CPU
		{DC9E8CB2-9A8E-43E7-A707-C9C601A7997C}.Debug|Any CPU.Build.0 = Debug|Any CPU
		{DC9E8CB2-9A8E-43E7-A707-C9C601A7997C}.Release|Any CPU.ActiveCfg = Release|Any CPU
		{DC9E8CB2-9A8E-43E7-A707-C9C601A7997C}.Release|Any CPU.Build.0 = Release|Any CPU
		{CA808E40-D4DC-44CA-B759-97976318FD3D}.Debug|Any CPU.ActiveCfg = Debug|Any CPU
		{CA808E40-D4DC-44CA-B759-97976318FD3D}.Debug|Any CPU.Build.0 = Debug|Any CPU
		{CA808E40-D4DC-44CA-B759-97976318FD3D}.Release|Any CPU.ActiveCfg = Release|Any CPU
		{CA808E40-D4DC-44CA-B759-97976318FD3D}.Release|Any CPU.Build.0 = Release|Any CPU
		{DF2E8AAD-8D80-4270-8D35-24142AA26589}.Debug|Any CPU.ActiveCfg = Debug|Any CPU
		{DF2E8AAD-8D80-4270-8D35-24142AA26589}.Debug|Any CPU.Build.0 = Debug|Any CPU
		{DF2E8AAD-8D80-4270-8D35-24142AA26589}.Release|Any CPU.ActiveCfg = Release|Any CPU
		{DF2E8AAD-8D80-4270-8D35-24142AA26589}.Release|Any CPU.Build.0 = Release|Any CPU
		{6813EEDA-2BD8-41B1-8275-AB2A463B5697}.Debug|Any CPU.ActiveCfg = Debug|Any CPU
		{6813EEDA-2BD8-41B1-8275-AB2A463B5697}.Debug|Any CPU.Build.0 = Debug|Any CPU
		{6813EEDA-2BD8-41B1-8275-AB2A463B5697}.Release|Any CPU.ActiveCfg = Release|Any CPU
		{6813EEDA-2BD8-41B1-8275-AB2A463B5697}.Release|Any CPU.Build.0 = Release|Any CPU
		{567617B6-E9AA-4DBB-AA3F-82892E124130}.Debug|Any CPU.ActiveCfg = Debug|Any CPU
		{567617B6-E9AA-4DBB-AA3F-82892E124130}.Debug|Any CPU.Build.0 = Debug|Any CPU
		{567617B6-E9AA-4DBB-AA3F-82892E124130}.Release|Any CPU.ActiveCfg = Release|Any CPU
		{567617B6-E9AA-4DBB-AA3F-82892E124130}.Release|Any CPU.Build.0 = Release|Any CPU
		{19C9D6CE-27EC-4FB6-A05A-2F7B0B559B8F}.Debug|Any CPU.ActiveCfg = Debug|Any CPU
		{19C9D6CE-27EC-4FB6-A05A-2F7B0B559B8F}.Debug|Any CPU.Build.0 = Debug|Any CPU
		{19C9D6CE-27EC-4FB6-A05A-2F7B0B559B8F}.Release|Any CPU.ActiveCfg = Release|Any CPU
		{19C9D6CE-27EC-4FB6-A05A-2F7B0B559B8F}.Release|Any CPU.Build.0 = Release|Any CPU
		{5FAA42C6-7DA0-4A8C-8B88-EDF92465F1B5}.Debug|Any CPU.ActiveCfg = Debug|Any CPU
		{5FAA42C6-7DA0-4A8C-8B88-EDF92465F1B5}.Debug|Any CPU.Build.0 = Debug|Any CPU
		{5FAA42C6-7DA0-4A8C-8B88-EDF92465F1B5}.Release|Any CPU.ActiveCfg = Release|Any CPU
		{5FAA42C6-7DA0-4A8C-8B88-EDF92465F1B5}.Release|Any CPU.Build.0 = Release|Any CPU
		{4C2DDB64-03D5-4299-BEB4-95A84E9B6086}.Debug|Any CPU.ActiveCfg = Debug|Any CPU
		{4C2DDB64-03D5-4299-BEB4-95A84E9B6086}.Debug|Any CPU.Build.0 = Debug|Any CPU
		{4C2DDB64-03D5-4299-BEB4-95A84E9B6086}.Release|Any CPU.ActiveCfg = Release|Any CPU
		{4C2DDB64-03D5-4299-BEB4-95A84E9B6086}.Release|Any CPU.Build.0 = Release|Any CPU
		{B38D2BF6-8438-44C9-B391-D46838FFFA99}.Debug|Any CPU.ActiveCfg = Debug|Any CPU
		{B38D2BF6-8438-44C9-B391-D46838FFFA99}.Debug|Any CPU.Build.0 = Debug|Any CPU
		{B38D2BF6-8438-44C9-B391-D46838FFFA99}.Release|Any CPU.ActiveCfg = Release|Any CPU
		{B38D2BF6-8438-44C9-B391-D46838FFFA99}.Release|Any CPU.Build.0 = Release|Any CPU
		{0498A4F1-F892-4CF1-887C-19FA48375DD5}.Debug|Any CPU.ActiveCfg = Debug|Any CPU
		{0498A4F1-F892-4CF1-887C-19FA48375DD5}.Debug|Any CPU.Build.0 = Debug|Any CPU
		{0498A4F1-F892-4CF1-887C-19FA48375DD5}.Release|Any CPU.ActiveCfg = Release|Any CPU
		{0498A4F1-F892-4CF1-887C-19FA48375DD5}.Release|Any CPU.Build.0 = Release|Any CPU
		{0AB48656-9701-4127-A50D-04AE15842357}.Debug|Any CPU.ActiveCfg = Debug|Any CPU
		{0AB48656-9701-4127-A50D-04AE15842357}.Debug|Any CPU.Build.0 = Debug|Any CPU
		{0AB48656-9701-4127-A50D-04AE15842357}.Release|Any CPU.ActiveCfg = Release|Any CPU
		{0AB48656-9701-4127-A50D-04AE15842357}.Release|Any CPU.Build.0 = Release|Any CPU
		{AE6B1AF7-3C66-4980-9E17-5DD8DB56216D}.Debug|Any CPU.ActiveCfg = Debug|Any CPU
		{AE6B1AF7-3C66-4980-9E17-5DD8DB56216D}.Debug|Any CPU.Build.0 = Debug|Any CPU
		{AE6B1AF7-3C66-4980-9E17-5DD8DB56216D}.Release|Any CPU.ActiveCfg = Release|Any CPU
		{AE6B1AF7-3C66-4980-9E17-5DD8DB56216D}.Release|Any CPU.Build.0 = Release|Any CPU
		{60B34FFF-D9B1-40DC-89B9-16964029E2D3}.Debug|Any CPU.ActiveCfg = Debug|Any CPU
		{60B34FFF-D9B1-40DC-89B9-16964029E2D3}.Debug|Any CPU.Build.0 = Debug|Any CPU
		{60B34FFF-D9B1-40DC-89B9-16964029E2D3}.Release|Any CPU.ActiveCfg = Release|Any CPU
		{60B34FFF-D9B1-40DC-89B9-16964029E2D3}.Release|Any CPU.Build.0 = Release|Any CPU
		{EB1E9FE1-5068-439F-A70E-22364E6488A0}.Debug|Any CPU.ActiveCfg = Debug|Any CPU
		{EB1E9FE1-5068-439F-A70E-22364E6488A0}.Debug|Any CPU.Build.0 = Debug|Any CPU
		{EB1E9FE1-5068-439F-A70E-22364E6488A0}.Release|Any CPU.ActiveCfg = Release|Any CPU
		{EB1E9FE1-5068-439F-A70E-22364E6488A0}.Release|Any CPU.Build.0 = Release|Any CPU
		{BF19C89A-0FC6-433A-92E7-05A2F7FDCD5C}.Debug|Any CPU.ActiveCfg = Debug|Any CPU
		{BF19C89A-0FC6-433A-92E7-05A2F7FDCD5C}.Debug|Any CPU.Build.0 = Debug|Any CPU
		{BF19C89A-0FC6-433A-92E7-05A2F7FDCD5C}.Release|Any CPU.ActiveCfg = Release|Any CPU
		{BF19C89A-0FC6-433A-92E7-05A2F7FDCD5C}.Release|Any CPU.Build.0 = Release|Any CPU
	EndGlobalSection
	GlobalSection(SolutionProperties) = preSolution
		HideSolutionNode = FALSE
	EndGlobalSection
	GlobalSection(NestedProjects) = preSolution
		{FA8DBB87-3A15-48D6-967F-8563D952F4F5} = {13BFE4C6-17E7-4EAD-AE13-ECDF28B438ED}
		{578CC528-EF82-4D6F-B995-CB0B56E93D28} = {FA8DBB87-3A15-48D6-967F-8563D952F4F5}
		{73A661EF-DBC9-49C7-B316-481CCF3535E7} = {FA8DBB87-3A15-48D6-967F-8563D952F4F5}
		{866B380F-B0DA-4B1C-B00A-58E98ABD06FD} = {FA8DBB87-3A15-48D6-967F-8563D952F4F5}
		{BF4716BA-34DE-4518-AAEE-A7385C18EB1A} = {FA8DBB87-3A15-48D6-967F-8563D952F4F5}
		{67380DE1-C1C1-4E53-A0B2-A02EA07A2603} = {13BFE4C6-17E7-4EAD-AE13-ECDF28B438ED}
		{1ADF4B41-1959-4B45-A1B4-8B34F91CEBB0} = {67380DE1-C1C1-4E53-A0B2-A02EA07A2603}
		{DC9E8CB2-9A8E-43E7-A707-C9C601A7997C} = {67380DE1-C1C1-4E53-A0B2-A02EA07A2603}
		{CA808E40-D4DC-44CA-B759-97976318FD3D} = {67380DE1-C1C1-4E53-A0B2-A02EA07A2603}
		{DF2E8AAD-8D80-4270-8D35-24142AA26589} = {67380DE1-C1C1-4E53-A0B2-A02EA07A2603}
		{6813EEDA-2BD8-41B1-8275-AB2A463B5697} = {67380DE1-C1C1-4E53-A0B2-A02EA07A2603}
		{567617B6-E9AA-4DBB-AA3F-82892E124130} = {67380DE1-C1C1-4E53-A0B2-A02EA07A2603}
		{19C9D6CE-27EC-4FB6-A05A-2F7B0B559B8F} = {67380DE1-C1C1-4E53-A0B2-A02EA07A2603}
		{5FAA42C6-7DA0-4A8C-8B88-EDF92465F1B5} = {67380DE1-C1C1-4E53-A0B2-A02EA07A2603}
		{4C2DDB64-03D5-4299-BEB4-95A84E9B6086} = {67380DE1-C1C1-4E53-A0B2-A02EA07A2603}
		{B38D2BF6-8438-44C9-B391-D46838FFFA99} = {67380DE1-C1C1-4E53-A0B2-A02EA07A2603}
		{0498A4F1-F892-4CF1-887C-19FA48375DD5} = {67380DE1-C1C1-4E53-A0B2-A02EA07A2603}
		{0AB48656-9701-4127-A50D-04AE15842357} = {67380DE1-C1C1-4E53-A0B2-A02EA07A2603}
		{AE6B1AF7-3C66-4980-9E17-5DD8DB56216D} = {9FEC90FC-FDF2-4765-99ED-5F756C106D79}
		{9FEC90FC-FDF2-4765-99ED-5F756C106D79} = {13BFE4C6-17E7-4EAD-AE13-ECDF28B438ED}
		{60B34FFF-D9B1-40DC-89B9-16964029E2D3} = {9FEC90FC-FDF2-4765-99ED-5F756C106D79}
		{9662C415-1979-476B-8B5D-EF158CC26A91} = {C386E126-8666-4447-B75E-2256E563A1DA}
		{B6D795F9-DCD6-4A0E-A2A7-6DE36D63F083} = {C386E126-8666-4447-B75E-2256E563A1DA}
		{F4059A22-A0B1-49BE-BBE6-4AE168EE27A7} = {C386E126-8666-4447-B75E-2256E563A1DA}
		{C7C0D5AD-B829-479F-BB26-5D7C5458FF28} = {C386E126-8666-4447-B75E-2256E563A1DA}
		{EB1E9FE1-5068-439F-A70E-22364E6488A0} = {9662C415-1979-476B-8B5D-EF158CC26A91}
		{BF19C89A-0FC6-433A-92E7-05A2F7FDCD5C} = {9662C415-1979-476B-8B5D-EF158CC26A91}
	EndGlobalSection
	GlobalSection(ExtensibilityGlobals) = postSolution
		SolutionGuid = {B236DD2A-F3D2-471E-805D-C9952324EAEA}
	EndGlobalSection
EndGlobal
